// !$*UTF8*$!
{
	archiveVersion = 1;
	classes = {
	};
	objectVersion = 56;
	objects = {

/* Begin PBXBuildFile section */
		CF47087A2A81626B00C89C00 /* BaseVC.swift in Sources */ = {isa = PBXBuildFile; fileRef = CF4708792A81626B00C89C00 /* BaseVC.swift */; };
		CF4A47932A84AC4400FC7004 /* LoginVC.swift in Sources */ = {isa = PBXBuildFile; fileRef = CF4A47922A84AC4400FC7004 /* LoginVC.swift */; };
		CF4A47952A84AD3500FC7004 /* LoginViewModel.swift in Sources */ = {isa = PBXBuildFile; fileRef = CF4A47942A84AD3500FC7004 /* LoginViewModel.swift */; };
		CF4A47972A84B57600FC7004 /* Validators++.swift in Sources */ = {isa = PBXBuildFile; fileRef = CF4A47962A84B57600FC7004 /* Validators++.swift */; };
		CF4A47992A84B84100FC7004 /* UIButton++.swift in Sources */ = {isa = PBXBuildFile; fileRef = CF4A47982A84B84100FC7004 /* UIButton++.swift */; };
		CF4A479B2A84BE0E00FC7004 /* BaseVM.swift in Sources */ = {isa = PBXBuildFile; fileRef = CF4A479A2A84BE0E00FC7004 /* BaseVM.swift */; };
		CF4A479D2A84BE8F00FC7004 /* SignUpViewModel.swift in Sources */ = {isa = PBXBuildFile; fileRef = CF4A479C2A84BE8F00FC7004 /* SignUpViewModel.swift */; };
		CF4A47A02A84C15B00FC7004 /* Nunito-ExtraBold.ttf in Resources */ = {isa = PBXBuildFile; fileRef = CF4A479F2A84C15B00FC7004 /* Nunito-ExtraBold.ttf */; };
		CF4A47A22A84C2A100FC7004 /* UINavigationController++.swift in Sources */ = {isa = PBXBuildFile; fileRef = CF4A47A12A84C2A100FC7004 /* UINavigationController++.swift */; };
		CF4A47A42A84C62C00FC7004 /* UIView++.swift in Sources */ = {isa = PBXBuildFile; fileRef = CF4A47A32A84C62C00FC7004 /* UIView++.swift */; };
		CF4A47A62A84C6CD00FC7004 /* UIColor++.swift in Sources */ = {isa = PBXBuildFile; fileRef = CF4A47A52A84C6CD00FC7004 /* UIColor++.swift */; };
		CF4A47AA2A84CB3400FC7004 /* HomeViewModel.swift in Sources */ = {isa = PBXBuildFile; fileRef = CF4A47A92A84CB3400FC7004 /* HomeViewModel.swift */; };
		CF4A47AD2A8528B900FC7004 /* AFWrapper.swift in Sources */ = {isa = PBXBuildFile; fileRef = CF4A47AC2A8528B900FC7004 /* AFWrapper.swift */; };
		CF4A47B02A852E9F00FC7004 /* NewsEverythingResponse.swift in Sources */ = {isa = PBXBuildFile; fileRef = CF4A47AF2A852E9F00FC7004 /* NewsEverythingResponse.swift */; };
		CF4A47B32A852F5C00FC7004 /* dummy.swift in Sources */ = {isa = PBXBuildFile; fileRef = CF4A47B22A852F5C00FC7004 /* dummy.swift */; };
		CF4A47B52A8533CE00FC7004 /* Handlers.swift in Sources */ = {isa = PBXBuildFile; fileRef = CF4A47B42A8533CE00FC7004 /* Handlers.swift */; };
		CF4A47B72A85340300FC7004 /* Reachability.swift in Sources */ = {isa = PBXBuildFile; fileRef = CF4A47B62A85340300FC7004 /* Reachability.swift */; };
		CF4A47B92A85481000FC7004 /* LoadingIndicatorDelegate.swift in Sources */ = {isa = PBXBuildFile; fileRef = CF4A47B82A85481000FC7004 /* LoadingIndicatorDelegate.swift */; };
		CF4A47BC2A854F2F00FC7004 /* CategoryCell.swift in Sources */ = {isa = PBXBuildFile; fileRef = CF4A47BA2A854F2F00FC7004 /* CategoryCell.swift */; };
		CF4A47BD2A854F2F00FC7004 /* CategoryCell.xib in Resources */ = {isa = PBXBuildFile; fileRef = CF4A47BB2A854F2F00FC7004 /* CategoryCell.xib */; };
		CF4A47C02A856E6D00FC7004 /* String++.swift in Sources */ = {isa = PBXBuildFile; fileRef = CF4A47BF2A856E6D00FC7004 /* String++.swift */; };
		CF4A47C42A8573C400FC7004 /* PersistenceController.swift in Sources */ = {isa = PBXBuildFile; fileRef = CF4A47C32A8573C400FC7004 /* PersistenceController.swift */; };
		CF4A47C62A85797300FC7004 /* ApplicationServiceProvider.swift in Sources */ = {isa = PBXBuildFile; fileRef = CF4A47C52A85797200FC7004 /* ApplicationServiceProvider.swift */; };
		CF4A47C82A857C6600FC7004 /* ProfileVC.swift in Sources */ = {isa = PBXBuildFile; fileRef = CF4A47C72A857C6600FC7004 /* ProfileVC.swift */; };
		CF4A47CC2A85907C00FC7004 /* NewsDetailVC.swift in Sources */ = {isa = PBXBuildFile; fileRef = CF4A47CB2A85907B00FC7004 /* NewsDetailVC.swift */; };
		CF592DA42A83A2B100C7130C /* CustomTBC.swift in Sources */ = {isa = PBXBuildFile; fileRef = CF592DA32A83A2B100C7130C /* CustomTBC.swift */; };
		CF592DCC2A83ED6700C7130C /* Nunito-Bold.ttf in Resources */ = {isa = PBXBuildFile; fileRef = CF592DCB2A83ED6700C7130C /* Nunito-Bold.ttf */; };
		CF592DCE2A83ED6C00C7130C /* NewYorkSmall-Bold.otf in Resources */ = {isa = PBXBuildFile; fileRef = CF592DCD2A83ED6C00C7130C /* NewYorkSmall-Bold.otf */; };
		CF592DD02A83ED7100C7130C /* Nunito-SemiBold.ttf in Resources */ = {isa = PBXBuildFile; fileRef = CF592DCF2A83ED7100C7130C /* Nunito-SemiBold.ttf */; };
		CF592DD22A83ED7800C7130C /* Nunito-Regular.ttf in Resources */ = {isa = PBXBuildFile; fileRef = CF592DD12A83ED7800C7130C /* Nunito-Regular.ttf */; };
		CF592DD52A83FDAA00C7130C /* Preview++.swift in Sources */ = {isa = PBXBuildFile; fileRef = CF592DD42A83FDAA00C7130C /* Preview++.swift */; };
		CF592DD72A8402FC00C7130C /* Auth.storyboard in Resources */ = {isa = PBXBuildFile; fileRef = CF592DD62A8402FC00C7130C /* Auth.storyboard */; };
		CF592DDB2A840F0C00C7130C /* ViewController++.swift in Sources */ = {isa = PBXBuildFile; fileRef = CF592DDA2A840F0C00C7130C /* ViewController++.swift */; };
		CF592DDD2A840FD500C7130C /* SignUpVC.swift in Sources */ = {isa = PBXBuildFile; fileRef = CF592DDC2A840FD500C7130C /* SignUpVC.swift */; };
		CF592DE02A84118600C7130C /* CardView.swift in Sources */ = {isa = PBXBuildFile; fileRef = CF592DDF2A84118600C7130C /* CardView.swift */; };
		CF8ECEA82A84831E004FE88C /* Home.storyboard in Resources */ = {isa = PBXBuildFile; fileRef = CF8ECEA72A84831E004FE88C /* Home.storyboard */; };
		CF8ECEAA2A848660004FE88C /* Favorite.storyboard in Resources */ = {isa = PBXBuildFile; fileRef = CF8ECEA92A848660004FE88C /* Favorite.storyboard */; };
		CF8ECEAC2A848898004FE88C /* HomeVC.swift in Sources */ = {isa = PBXBuildFile; fileRef = CF8ECEAB2A848898004FE88C /* HomeVC.swift */; };
		CF8ECEB32A849138004FE88C /* LatestNewsCell.swift in Sources */ = {isa = PBXBuildFile; fileRef = CF8ECEB12A849138004FE88C /* LatestNewsCell.swift */; };
		CF8ECEB42A849138004FE88C /* LatestNewsCell.xib in Resources */ = {isa = PBXBuildFile; fileRef = CF8ECEB22A849138004FE88C /* LatestNewsCell.xib */; };
		CF8ECEBD2A84981A004FE88C /* NewsTVCell.swift in Sources */ = {isa = PBXBuildFile; fileRef = CF8ECEBB2A84981A004FE88C /* NewsTVCell.swift */; };
		CF8ECEBE2A84981A004FE88C /* NewsTVCell.xib in Resources */ = {isa = PBXBuildFile; fileRef = CF8ECEBC2A84981A004FE88C /* NewsTVCell.xib */; };
		CFAF50D72A814067001FAD24 /* AppDelegate.swift in Sources */ = {isa = PBXBuildFile; fileRef = CFAF50D62A814067001FAD24 /* AppDelegate.swift */; };
		CFAF50DE2A814067001FAD24 /* BottomTabBar.storyboard in Resources */ = {isa = PBXBuildFile; fileRef = CFAF50DC2A814067001FAD24 /* BottomTabBar.storyboard */; };
		CFAF50E12A814067001FAD24 /* NewsApp.xcdatamodeld in Sources */ = {isa = PBXBuildFile; fileRef = CFAF50DF2A814067001FAD24 /* NewsApp.xcdatamodeld */; };
		CFAF50E32A814068001FAD24 /* Assets.xcassets in Resources */ = {isa = PBXBuildFile; fileRef = CFAF50E22A814068001FAD24 /* Assets.xcassets */; };
		CFAF50E62A814068001FAD24 /* LaunchScreen.storyboard in Resources */ = {isa = PBXBuildFile; fileRef = CFAF50E42A814068001FAD24 /* LaunchScreen.storyboard */; };
		CFAF50F52A814B8F001FAD24 /* AppConfig.swift in Sources */ = {isa = PBXBuildFile; fileRef = CFAF50F42A814B8F001FAD24 /* AppConfig.swift */; };
		CFE0A58A2A85E63F009B0313 /* FilterBottomSheetVC.swift in Sources */ = {isa = PBXBuildFile; fileRef = CFE0A5892A85E63F009B0313 /* FilterBottomSheetVC.swift */; };
		CFE0A58D2A85E6B7009B0313 /* FilterBottomSheetViewModel.swift in Sources */ = {isa = PBXBuildFile; fileRef = CFE0A58C2A85E6B7009B0313 /* FilterBottomSheetViewModel.swift */; };
		CFE0A58F2A85FE84009B0313 /* NewsDetailViewModel.swift in Sources */ = {isa = PBXBuildFile; fileRef = CFE0A58E2A85FE84009B0313 /* NewsDetailViewModel.swift */; };
		CFE0A5912A860C6F009B0313 /* SeeAllNewsVC.swift in Sources */ = {isa = PBXBuildFile; fileRef = CFE0A5902A860C6F009B0313 /* SeeAllNewsVC.swift */; };
		CFE0A5942A860EB9009B0313 /* SeeAllNewsViewModel.swift in Sources */ = {isa = PBXBuildFile; fileRef = CFE0A5932A860EB9009B0313 /* SeeAllNewsViewModel.swift */; };
		CFE0A5972A861A9F009B0313 /* ASP+Navigations+Present.swift in Sources */ = {isa = PBXBuildFile; fileRef = CFE0A5962A861A9F009B0313 /* ASP+Navigations+Present.swift */; };
		CFE0A5992A863D49009B0313 /*  ASP+Navigations+Rooting.swift in Sources */ = {isa = PBXBuildFile; fileRef = CFE0A5982A863D49009B0313 /*  ASP+Navigations+Rooting.swift */; };
		E655AA0D3F7B4A8184638206 /* Pods_NewsApp.framework in Frameworks */ = {isa = PBXBuildFile; fileRef = 6CFFB3030636345A407E7F65 /* Pods_NewsApp.framework */; };
/* End PBXBuildFile section */

/* Begin PBXFileReference section */
		32CC8301A2B97F31CE303199 /* Pods-NewsApp.release-dev.xcconfig */ = {isa = PBXFileReference; includeInIndex = 1; lastKnownFileType = text.xcconfig; name = "Pods-NewsApp.release-dev.xcconfig"; path = "Target Support Files/Pods-NewsApp/Pods-NewsApp.release-dev.xcconfig"; sourceTree = "<group>"; };
		69952435845DCB6DB217C146 /* Pods-NewsApp.debug-dev.xcconfig */ = {isa = PBXFileReference; includeInIndex = 1; lastKnownFileType = text.xcconfig; name = "Pods-NewsApp.debug-dev.xcconfig"; path = "Target Support Files/Pods-NewsApp/Pods-NewsApp.debug-dev.xcconfig"; sourceTree = "<group>"; };
		6A66A32145E716EAB434D649 /* Pods-NewsApp.debug-prod.xcconfig */ = {isa = PBXFileReference; includeInIndex = 1; lastKnownFileType = text.xcconfig; name = "Pods-NewsApp.debug-prod.xcconfig"; path = "Target Support Files/Pods-NewsApp/Pods-NewsApp.debug-prod.xcconfig"; sourceTree = "<group>"; };
		6CFFB3030636345A407E7F65 /* Pods_NewsApp.framework */ = {isa = PBXFileReference; explicitFileType = wrapper.framework; includeInIndex = 0; path = Pods_NewsApp.framework; sourceTree = BUILT_PRODUCTS_DIR; };
		CF4708792A81626B00C89C00 /* BaseVC.swift */ = {isa = PBXFileReference; lastKnownFileType = sourcecode.swift; path = BaseVC.swift; sourceTree = "<group>"; };
		CF4A47922A84AC4400FC7004 /* LoginVC.swift */ = {isa = PBXFileReference; fileEncoding = 4; lastKnownFileType = sourcecode.swift; path = LoginVC.swift; sourceTree = "<group>"; };
		CF4A47942A84AD3500FC7004 /* LoginViewModel.swift */ = {isa = PBXFileReference; lastKnownFileType = sourcecode.swift; path = LoginViewModel.swift; sourceTree = "<group>"; };
		CF4A47962A84B57600FC7004 /* Validators++.swift */ = {isa = PBXFileReference; lastKnownFileType = sourcecode.swift; path = "Validators++.swift"; sourceTree = "<group>"; };
		CF4A47982A84B84100FC7004 /* UIButton++.swift */ = {isa = PBXFileReference; lastKnownFileType = sourcecode.swift; path = "UIButton++.swift"; sourceTree = "<group>"; };
		CF4A479A2A84BE0E00FC7004 /* BaseVM.swift */ = {isa = PBXFileReference; lastKnownFileType = sourcecode.swift; path = BaseVM.swift; sourceTree = "<group>"; };
		CF4A479C2A84BE8F00FC7004 /* SignUpViewModel.swift */ = {isa = PBXFileReference; lastKnownFileType = sourcecode.swift; path = SignUpViewModel.swift; sourceTree = "<group>"; };
		CF4A479F2A84C15B00FC7004 /* Nunito-ExtraBold.ttf */ = {isa = PBXFileReference; lastKnownFileType = file; path = "Nunito-ExtraBold.ttf"; sourceTree = "<group>"; };
		CF4A47A12A84C2A100FC7004 /* UINavigationController++.swift */ = {isa = PBXFileReference; lastKnownFileType = sourcecode.swift; path = "UINavigationController++.swift"; sourceTree = "<group>"; };
		CF4A47A32A84C62C00FC7004 /* UIView++.swift */ = {isa = PBXFileReference; lastKnownFileType = sourcecode.swift; path = "UIView++.swift"; sourceTree = "<group>"; };
		CF4A47A52A84C6CD00FC7004 /* UIColor++.swift */ = {isa = PBXFileReference; lastKnownFileType = sourcecode.swift; path = "UIColor++.swift"; sourceTree = "<group>"; };
		CF4A47A92A84CB3400FC7004 /* HomeViewModel.swift */ = {isa = PBXFileReference; lastKnownFileType = sourcecode.swift; path = HomeViewModel.swift; sourceTree = "<group>"; };
		CF4A47AC2A8528B900FC7004 /* AFWrapper.swift */ = {isa = PBXFileReference; lastKnownFileType = sourcecode.swift; path = AFWrapper.swift; sourceTree = "<group>"; };
		CF4A47AF2A852E9F00FC7004 /* NewsEverythingResponse.swift */ = {isa = PBXFileReference; lastKnownFileType = sourcecode.swift; path = NewsEverythingResponse.swift; sourceTree = "<group>"; };
		CF4A47B22A852F5C00FC7004 /* dummy.swift */ = {isa = PBXFileReference; lastKnownFileType = sourcecode.swift; path = dummy.swift; sourceTree = "<group>"; };
		CF4A47B42A8533CE00FC7004 /* Handlers.swift */ = {isa = PBXFileReference; lastKnownFileType = sourcecode.swift; path = Handlers.swift; sourceTree = "<group>"; };
		CF4A47B62A85340300FC7004 /* Reachability.swift */ = {isa = PBXFileReference; lastKnownFileType = sourcecode.swift; path = Reachability.swift; sourceTree = "<group>"; };
		CF4A47B82A85481000FC7004 /* LoadingIndicatorDelegate.swift */ = {isa = PBXFileReference; lastKnownFileType = sourcecode.swift; path = LoadingIndicatorDelegate.swift; sourceTree = "<group>"; };
		CF4A47BA2A854F2F00FC7004 /* CategoryCell.swift */ = {isa = PBXFileReference; lastKnownFileType = sourcecode.swift; path = CategoryCell.swift; sourceTree = "<group>"; };
		CF4A47BB2A854F2F00FC7004 /* CategoryCell.xib */ = {isa = PBXFileReference; lastKnownFileType = file.xib; path = CategoryCell.xib; sourceTree = "<group>"; };
		CF4A47BF2A856E6D00FC7004 /* String++.swift */ = {isa = PBXFileReference; lastKnownFileType = sourcecode.swift; path = "String++.swift"; sourceTree = "<group>"; };
		CF4A47C32A8573C400FC7004 /* PersistenceController.swift */ = {isa = PBXFileReference; lastKnownFileType = sourcecode.swift; path = PersistenceController.swift; sourceTree = "<group>"; };
		CF4A47C52A85797200FC7004 /* ApplicationServiceProvider.swift */ = {isa = PBXFileReference; lastKnownFileType = sourcecode.swift; path = ApplicationServiceProvider.swift; sourceTree = "<group>"; };
		CF4A47C72A857C6600FC7004 /* ProfileVC.swift */ = {isa = PBXFileReference; lastKnownFileType = sourcecode.swift; path = ProfileVC.swift; sourceTree = "<group>"; };
		CF4A47CB2A85907B00FC7004 /* NewsDetailVC.swift */ = {isa = PBXFileReference; lastKnownFileType = sourcecode.swift; path = NewsDetailVC.swift; sourceTree = "<group>"; };
		CF592DA32A83A2B100C7130C /* CustomTBC.swift */ = {isa = PBXFileReference; lastKnownFileType = sourcecode.swift; path = CustomTBC.swift; sourceTree = "<group>"; };
		CF592DCB2A83ED6700C7130C /* Nunito-Bold.ttf */ = {isa = PBXFileReference; lastKnownFileType = file; path = "Nunito-Bold.ttf"; sourceTree = "<group>"; };
		CF592DCD2A83ED6C00C7130C /* NewYorkSmall-Bold.otf */ = {isa = PBXFileReference; lastKnownFileType = file; path = "NewYorkSmall-Bold.otf"; sourceTree = "<group>"; };
		CF592DCF2A83ED7100C7130C /* Nunito-SemiBold.ttf */ = {isa = PBXFileReference; lastKnownFileType = file; path = "Nunito-SemiBold.ttf"; sourceTree = "<group>"; };
		CF592DD12A83ED7800C7130C /* Nunito-Regular.ttf */ = {isa = PBXFileReference; lastKnownFileType = file; path = "Nunito-Regular.ttf"; sourceTree = "<group>"; };
		CF592DD42A83FDAA00C7130C /* Preview++.swift */ = {isa = PBXFileReference; lastKnownFileType = sourcecode.swift; path = "Preview++.swift"; sourceTree = "<group>"; };
		CF592DD62A8402FC00C7130C /* Auth.storyboard */ = {isa = PBXFileReference; lastKnownFileType = file.storyboard; path = Auth.storyboard; sourceTree = "<group>"; };
		CF592DDA2A840F0C00C7130C /* ViewController++.swift */ = {isa = PBXFileReference; lastKnownFileType = sourcecode.swift; path = "ViewController++.swift"; sourceTree = "<group>"; };
		CF592DDC2A840FD500C7130C /* SignUpVC.swift */ = {isa = PBXFileReference; lastKnownFileType = sourcecode.swift; path = SignUpVC.swift; sourceTree = "<group>"; };
		CF592DDF2A84118600C7130C /* CardView.swift */ = {isa = PBXFileReference; lastKnownFileType = sourcecode.swift; path = CardView.swift; sourceTree = "<group>"; };
		CF8ECEA72A84831E004FE88C /* Home.storyboard */ = {isa = PBXFileReference; lastKnownFileType = file.storyboard; path = Home.storyboard; sourceTree = "<group>"; };
		CF8ECEA92A848660004FE88C /* Favorite.storyboard */ = {isa = PBXFileReference; lastKnownFileType = file.storyboard; path = Favorite.storyboard; sourceTree = "<group>"; };
		CF8ECEAB2A848898004FE88C /* HomeVC.swift */ = {isa = PBXFileReference; lastKnownFileType = sourcecode.swift; path = HomeVC.swift; sourceTree = "<group>"; };
		CF8ECEB12A849138004FE88C /* LatestNewsCell.swift */ = {isa = PBXFileReference; lastKnownFileType = sourcecode.swift; path = LatestNewsCell.swift; sourceTree = "<group>"; };
		CF8ECEB22A849138004FE88C /* LatestNewsCell.xib */ = {isa = PBXFileReference; lastKnownFileType = file.xib; path = LatestNewsCell.xib; sourceTree = "<group>"; };
		CF8ECEBB2A84981A004FE88C /* NewsTVCell.swift */ = {isa = PBXFileReference; lastKnownFileType = sourcecode.swift; path = NewsTVCell.swift; sourceTree = "<group>"; };
		CF8ECEBC2A84981A004FE88C /* NewsTVCell.xib */ = {isa = PBXFileReference; lastKnownFileType = file.xib; path = NewsTVCell.xib; sourceTree = "<group>"; };
		CFAF50D32A814067001FAD24 /* Development.app */ = {isa = PBXFileReference; explicitFileType = wrapper.application; includeInIndex = 0; path = Development.app; sourceTree = BUILT_PRODUCTS_DIR; };
		CFAF50D62A814067001FAD24 /* AppDelegate.swift */ = {isa = PBXFileReference; lastKnownFileType = sourcecode.swift; path = AppDelegate.swift; sourceTree = "<group>"; };
		CFAF50DD2A814067001FAD24 /* Base */ = {isa = PBXFileReference; lastKnownFileType = file.storyboard; name = Base; path = Base.lproj/BottomTabBar.storyboard; sourceTree = "<group>"; };
		CFAF50E02A814067001FAD24 /* NewsApp.xcdatamodel */ = {isa = PBXFileReference; lastKnownFileType = wrapper.xcdatamodel; path = NewsApp.xcdatamodel; sourceTree = "<group>"; };
		CFAF50E22A814068001FAD24 /* Assets.xcassets */ = {isa = PBXFileReference; lastKnownFileType = folder.assetcatalog; path = Assets.xcassets; sourceTree = "<group>"; };
		CFAF50E52A814068001FAD24 /* Base */ = {isa = PBXFileReference; lastKnownFileType = file.storyboard; name = Base; path = Base.lproj/LaunchScreen.storyboard; sourceTree = "<group>"; };
		CFAF50E72A814068001FAD24 /* Info.plist */ = {isa = PBXFileReference; lastKnownFileType = text.plist.xml; path = Info.plist; sourceTree = "<group>"; };
		CFAF50EE2A814211001FAD24 /* Development.xcconfig */ = {isa = PBXFileReference; lastKnownFileType = text.xcconfig; path = Development.xcconfig; sourceTree = "<group>"; };
		CFAF50EF2A814228001FAD24 /* Production.xcconfig */ = {isa = PBXFileReference; lastKnownFileType = text.xcconfig; path = Production.xcconfig; sourceTree = "<group>"; };
		CFAF50F42A814B8F001FAD24 /* AppConfig.swift */ = {isa = PBXFileReference; lastKnownFileType = sourcecode.swift; path = AppConfig.swift; sourceTree = "<group>"; };
		CFE0A5892A85E63F009B0313 /* FilterBottomSheetVC.swift */ = {isa = PBXFileReference; lastKnownFileType = sourcecode.swift; path = FilterBottomSheetVC.swift; sourceTree = "<group>"; };
		CFE0A58C2A85E6B7009B0313 /* FilterBottomSheetViewModel.swift */ = {isa = PBXFileReference; lastKnownFileType = sourcecode.swift; path = FilterBottomSheetViewModel.swift; sourceTree = "<group>"; };
		CFE0A58E2A85FE84009B0313 /* NewsDetailViewModel.swift */ = {isa = PBXFileReference; lastKnownFileType = sourcecode.swift; path = NewsDetailViewModel.swift; sourceTree = "<group>"; };
		CFE0A5902A860C6F009B0313 /* SeeAllNewsVC.swift */ = {isa = PBXFileReference; lastKnownFileType = sourcecode.swift; path = SeeAllNewsVC.swift; sourceTree = "<group>"; };
		CFE0A5932A860EB9009B0313 /* SeeAllNewsViewModel.swift */ = {isa = PBXFileReference; lastKnownFileType = sourcecode.swift; path = SeeAllNewsViewModel.swift; sourceTree = "<group>"; };
		CFE0A5962A861A9F009B0313 /* ASP+Navigations+Present.swift */ = {isa = PBXFileReference; lastKnownFileType = sourcecode.swift; path = "ASP+Navigations+Present.swift"; sourceTree = "<group>"; };
		CFE0A5982A863D49009B0313 /*  ASP+Navigations+Rooting.swift */ = {isa = PBXFileReference; lastKnownFileType = sourcecode.swift; path = " ASP+Navigations+Rooting.swift"; sourceTree = "<group>"; };
		F14383CBED8AE1F0E881E0B8 /* Pods-NewsApp.release-prod.xcconfig */ = {isa = PBXFileReference; includeInIndex = 1; lastKnownFileType = text.xcconfig; name = "Pods-NewsApp.release-prod.xcconfig"; path = "Target Support Files/Pods-NewsApp/Pods-NewsApp.release-prod.xcconfig"; sourceTree = "<group>"; };
/* End PBXFileReference section */

/* Begin PBXFrameworksBuildPhase section */
		CFAF50D02A814067001FAD24 /* Frameworks */ = {
			isa = PBXFrameworksBuildPhase;
			buildActionMask = 2147483647;
			files = (
				E655AA0D3F7B4A8184638206 /* Pods_NewsApp.framework in Frameworks */,
			);
			runOnlyForDeploymentPostprocessing = 0;
		};
/* End PBXFrameworksBuildPhase section */

/* Begin PBXGroup section */
		570CBE29AF216026E6C913B1 /* Pods */ = {
			isa = PBXGroup;
			children = (
				69952435845DCB6DB217C146 /* Pods-NewsApp.debug-dev.xcconfig */,
				6A66A32145E716EAB434D649 /* Pods-NewsApp.debug-prod.xcconfig */,
				32CC8301A2B97F31CE303199 /* Pods-NewsApp.release-dev.xcconfig */,
				F14383CBED8AE1F0E881E0B8 /* Pods-NewsApp.release-prod.xcconfig */,
			);
			path = Pods;
			sourceTree = "<group>";
		};
		8BB444BC3A9457474D26626E /* Frameworks */ = {
			isa = PBXGroup;
			children = (
				6CFFB3030636345A407E7F65 /* Pods_NewsApp.framework */,
			);
			name = Frameworks;
			sourceTree = "<group>";
		};
		CF4A47902A84AB1700FC7004 /* Base */ = {
			isa = PBXGroup;
			children = (
				CF4708792A81626B00C89C00 /* BaseVC.swift */,
				CF4A479A2A84BE0E00FC7004 /* BaseVM.swift */,
			);
			path = Base;
			sourceTree = "<group>";
		};
		CF4A47912A84AB3600FC7004 /* Login */ = {
			isa = PBXGroup;
			children = (
				CF4A47922A84AC4400FC7004 /* LoginVC.swift */,
				CF4A47942A84AD3500FC7004 /* LoginViewModel.swift */,
			);
			path = Login;
			sourceTree = "<group>";
		};
		CF4A479E2A84BE9800FC7004 /* SignUp */ = {
			isa = PBXGroup;
			children = (
				CF592DDC2A840FD500C7130C /* SignUpVC.swift */,
				CF4A479C2A84BE8F00FC7004 /* SignUpViewModel.swift */,
			);
			path = SignUp;
			sourceTree = "<group>";
		};
		CF4A47A72A84C8E000FC7004 /* Home */ = {
			isa = PBXGroup;
			children = (
				CF4A47A82A84C8F900FC7004 /* Componets */,
				CF8ECEAB2A848898004FE88C /* HomeVC.swift */,
				CF4A47A92A84CB3400FC7004 /* HomeViewModel.swift */,
			);
			path = Home;
			sourceTree = "<group>";
		};
		CF4A47A82A84C8F900FC7004 /* Componets */ = {
			isa = PBXGroup;
			children = (
				CF4A47C92A85904800FC7004 /* NewsTVCell */,
				CF4A47C12A856FE100FC7004 /* CategoryCell */,
				CF4A47BE2A8568B600FC7004 /* LatestNewsCell */,
			);
			path = Componets;
			sourceTree = "<group>";
		};
		CF4A47AB2A8528A800FC7004 /* Network */ = {
			isa = PBXGroup;
			children = (
				CF4A47AE2A852E9600FC7004 /* Model */,
				CF4A47AC2A8528B900FC7004 /* AFWrapper.swift */,
			);
			path = Network;
			sourceTree = "<group>";
		};
		CF4A47AE2A852E9600FC7004 /* Model */ = {
			isa = PBXGroup;
			children = (
				CF4A47AF2A852E9F00FC7004 /* NewsEverythingResponse.swift */,
			);
			path = Model;
			sourceTree = "<group>";
		};
		CF4A47B12A852F4A00FC7004 /* Dummy */ = {
			isa = PBXGroup;
			children = (
			);
			path = Dummy;
			sourceTree = "<group>";
		};
		CF4A47BE2A8568B600FC7004 /* LatestNewsCell */ = {
			isa = PBXGroup;
			children = (
				CF8ECEB12A849138004FE88C /* LatestNewsCell.swift */,
				CF8ECEB22A849138004FE88C /* LatestNewsCell.xib */,
			);
			path = LatestNewsCell;
			sourceTree = "<group>";
		};
		CF4A47C12A856FE100FC7004 /* CategoryCell */ = {
			isa = PBXGroup;
			children = (
				CF4A47BA2A854F2F00FC7004 /* CategoryCell.swift */,
				CF4A47BB2A854F2F00FC7004 /* CategoryCell.xib */,
			);
			path = CategoryCell;
			sourceTree = "<group>";
		};
		CF4A47C22A8573B800FC7004 /* LocalDb */ = {
			isa = PBXGroup;
			children = (
				CFAF50DF2A814067001FAD24 /* NewsApp.xcdatamodeld */,
				CF4A47C32A8573C400FC7004 /* PersistenceController.swift */,
			);
			path = LocalDb;
			sourceTree = "<group>";
		};
		CF4A47C92A85904800FC7004 /* NewsTVCell */ = {
			isa = PBXGroup;
			children = (
				CF8ECEBB2A84981A004FE88C /* NewsTVCell.swift */,
				CF8ECEBC2A84981A004FE88C /* NewsTVCell.xib */,
			);
			path = NewsTVCell;
			sourceTree = "<group>";
		};
		CF4A47CA2A85906100FC7004 /* NewsDetails */ = {
			isa = PBXGroup;
			children = (
				CF4A47CB2A85907B00FC7004 /* NewsDetailVC.swift */,
				CFE0A58E2A85FE84009B0313 /* NewsDetailViewModel.swift */,
			);
			path = NewsDetails;
			sourceTree = "<group>";
		};
		CF592D942A83897B00C7130C /* Application */ = {
			isa = PBXGroup;
			children = (
				CFAF50D62A814067001FAD24 /* AppDelegate.swift */,
			);
			path = Application;
			sourceTree = "<group>";
		};
		CF592D952A83898300C7130C /* Utilities */ = {
			isa = PBXGroup;
			children = (
				CFE0A5952A861A7C009B0313 /* ASP */,
				CF4A47C22A8573B800FC7004 /* LocalDb */,
				CF4A47B12A852F4A00FC7004 /* Dummy */,
				CF592DD32A83FD9900C7130C /* Extensions */,
				CFAF50ED2A8141F8001FAD24 /* AppConfig */,
				CFAF50F62A814C9E001FAD24 /* Fonts */,
				CF4A47B42A8533CE00FC7004 /* Handlers.swift */,
				CF4A47B62A85340300FC7004 /* Reachability.swift */,
			);
			path = Utilities;
			sourceTree = "<group>";
		};
		CF592D962A83899500C7130C /* StoryBoards */ = {
			isa = PBXGroup;
			children = (
				CFAF50E42A814068001FAD24 /* LaunchScreen.storyboard */,
				CFAF50DC2A814067001FAD24 /* BottomTabBar.storyboard */,
				CF592DD62A8402FC00C7130C /* Auth.storyboard */,
				CF8ECEA72A84831E004FE88C /* Home.storyboard */,
				CF8ECEA92A848660004FE88C /* Favorite.storyboard */,
			);
			path = StoryBoards;
			sourceTree = "<group>";
		};
		CF592D972A8389A000C7130C /* VCs+VMs */ = {
			isa = PBXGroup;
			children = (
				CFE0A5922A860E9A009B0313 /* SeeAllNews */,
				CFE0A58B2A85E6A4009B0313 /* FilterBottomSheet */,
				CF4A47CA2A85906100FC7004 /* NewsDetails */,
				CF4A47A72A84C8E000FC7004 /* Home */,
				CF8ECEAD2A848927004FE88C /* Auth */,
				CF592DA32A83A2B100C7130C /* CustomTBC.swift */,
			);
			path = "VCs+VMs";
			sourceTree = "<group>";
		};
		CF592DD32A83FD9900C7130C /* Extensions */ = {
			isa = PBXGroup;
			children = (
				CF592DD42A83FDAA00C7130C /* Preview++.swift */,
				CF592DDA2A840F0C00C7130C /* ViewController++.swift */,
				CF4A47962A84B57600FC7004 /* Validators++.swift */,
				CF4A47982A84B84100FC7004 /* UIButton++.swift */,
				CF4A47A12A84C2A100FC7004 /* UINavigationController++.swift */,
				CF4A47A32A84C62C00FC7004 /* UIView++.swift */,
				CF4A47A52A84C6CD00FC7004 /* UIColor++.swift */,
				CF4A47B22A852F5C00FC7004 /* dummy.swift */,
				CF4A47B82A85481000FC7004 /* LoadingIndicatorDelegate.swift */,
				CF4A47BF2A856E6D00FC7004 /* String++.swift */,
			);
			path = Extensions;
			sourceTree = "<group>";
		};
		CF592DDE2A84117600C7130C /* SubView */ = {
			isa = PBXGroup;
			children = (
				CF592DDF2A84118600C7130C /* CardView.swift */,
			);
			path = SubView;
			sourceTree = "<group>";
		};
		CF8ECEAD2A848927004FE88C /* Auth */ = {
			isa = PBXGroup;
			children = (
				CF4A479E2A84BE9800FC7004 /* SignUp */,
				CF4A47912A84AB3600FC7004 /* Login */,
				CF4A47C72A857C6600FC7004 /* ProfileVC.swift */,
			);
			path = Auth;
			sourceTree = "<group>";
		};
		CFAF50CA2A814067001FAD24 = {
			isa = PBXGroup;
			children = (
				CFAF50D52A814067001FAD24 /* NewsApp */,
				CFAF50D42A814067001FAD24 /* Products */,
				570CBE29AF216026E6C913B1 /* Pods */,
				8BB444BC3A9457474D26626E /* Frameworks */,
			);
			sourceTree = "<group>";
		};
		CFAF50D42A814067001FAD24 /* Products */ = {
			isa = PBXGroup;
			children = (
				CFAF50D32A814067001FAD24 /* Development.app */,
			);
			name = Products;
			sourceTree = "<group>";
		};
		CFAF50D52A814067001FAD24 /* NewsApp */ = {
			isa = PBXGroup;
			children = (
				CF592D942A83897B00C7130C /* Application */,
				CF4A47902A84AB1700FC7004 /* Base */,
				CF592DDE2A84117600C7130C /* SubView */,
				CF592D972A8389A000C7130C /* VCs+VMs */,
				CF592D962A83899500C7130C /* StoryBoards */,
				CF4A47AB2A8528A800FC7004 /* Network */,
				CF592D952A83898300C7130C /* Utilities */,
				CFAF50E22A814068001FAD24 /* Assets.xcassets */,
				CFAF50E72A814068001FAD24 /* Info.plist */,
			);
			path = NewsApp;
			sourceTree = "<group>";
		};
		CFAF50ED2A8141F8001FAD24 /* AppConfig */ = {
			isa = PBXGroup;
			children = (
				CFAF50EE2A814211001FAD24 /* Development.xcconfig */,
				CFAF50EF2A814228001FAD24 /* Production.xcconfig */,
				CFAF50F42A814B8F001FAD24 /* AppConfig.swift */,
			);
			path = AppConfig;
			sourceTree = "<group>";
		};
		CFAF50F62A814C9E001FAD24 /* Fonts */ = {
			isa = PBXGroup;
			children = (
				CF4A479F2A84C15B00FC7004 /* Nunito-ExtraBold.ttf */,
				CF592DD12A83ED7800C7130C /* Nunito-Regular.ttf */,
				CF592DCF2A83ED7100C7130C /* Nunito-SemiBold.ttf */,
				CF592DCD2A83ED6C00C7130C /* NewYorkSmall-Bold.otf */,
				CF592DCB2A83ED6700C7130C /* Nunito-Bold.ttf */,
			);
			path = Fonts;
			sourceTree = "<group>";
		};
		CFE0A58B2A85E6A4009B0313 /* FilterBottomSheet */ = {
			isa = PBXGroup;
			children = (
				CFE0A5892A85E63F009B0313 /* FilterBottomSheetVC.swift */,
				CFE0A58C2A85E6B7009B0313 /* FilterBottomSheetViewModel.swift */,
			);
			path = FilterBottomSheet;
			sourceTree = "<group>";
		};
		CFE0A5922A860E9A009B0313 /* SeeAllNews */ = {
			isa = PBXGroup;
			children = (
				CFE0A5902A860C6F009B0313 /* SeeAllNewsVC.swift */,
				CFE0A5932A860EB9009B0313 /* SeeAllNewsViewModel.swift */,
			);
			path = SeeAllNews;
			sourceTree = "<group>";
		};
		CFE0A5952A861A7C009B0313 /* ASP */ = {
			isa = PBXGroup;
			children = (
				CF4A47C52A85797200FC7004 /* ApplicationServiceProvider.swift */,
				CFE0A5962A861A9F009B0313 /* ASP+Navigations+Present.swift */,
				CFE0A5982A863D49009B0313 /*  ASP+Navigations+Rooting.swift */,
			);
			path = ASP;
			sourceTree = "<group>";
		};
/* End PBXGroup section */

/* Begin PBXNativeTarget section */
		CFAF50D22A814067001FAD24 /* NewsApp */ = {
			isa = PBXNativeTarget;
			buildConfigurationList = CFAF50EA2A814068001FAD24 /* Build configuration list for PBXNativeTarget "NewsApp" */;
			buildPhases = (
				EAE48D0D078971B278C7ED1C /* [CP] Check Pods Manifest.lock */,
				CFAF50CF2A814067001FAD24 /* Sources */,
				CFAF50D02A814067001FAD24 /* Frameworks */,
				CFAF50D12A814067001FAD24 /* Resources */,
				B89D311FA74FBC64666E3C37 /* [CP] Embed Pods Frameworks */,
			);
			buildRules = (
			);
			dependencies = (
			);
			name = NewsApp;
			productName = NewsApp;
			productReference = CFAF50D32A814067001FAD24 /* Development.app */;
			productType = "com.apple.product-type.application";
		};
/* End PBXNativeTarget section */

/* Begin PBXProject section */
		CFAF50CB2A814067001FAD24 /* Project object */ = {
			isa = PBXProject;
			attributes = {
				BuildIndependentTargetsInParallel = 1;
				LastSwiftUpdateCheck = 1430;
				LastUpgradeCheck = 1430;
				TargetAttributes = {
					CFAF50D22A814067001FAD24 = {
						CreatedOnToolsVersion = 14.3.1;
					};
				};
			};
			buildConfigurationList = CFAF50CE2A814067001FAD24 /* Build configuration list for PBXProject "NewsApp" */;
			compatibilityVersion = "Xcode 14.0";
			developmentRegion = en;
			hasScannedForEncodings = 0;
			knownRegions = (
				en,
				Base,
			);
			mainGroup = CFAF50CA2A814067001FAD24;
			productRefGroup = CFAF50D42A814067001FAD24 /* Products */;
			projectDirPath = "";
			projectRoot = "";
			targets = (
				CFAF50D22A814067001FAD24 /* NewsApp */,
			);
		};
/* End PBXProject section */

/* Begin PBXResourcesBuildPhase section */
		CFAF50D12A814067001FAD24 /* Resources */ = {
			isa = PBXResourcesBuildPhase;
			buildActionMask = 2147483647;
			files = (
				CF592DD72A8402FC00C7130C /* Auth.storyboard in Resources */,
				CF4A47BD2A854F2F00FC7004 /* CategoryCell.xib in Resources */,
				CF592DD02A83ED7100C7130C /* Nunito-SemiBold.ttf in Resources */,
				CFAF50E62A814068001FAD24 /* LaunchScreen.storyboard in Resources */,
				CF8ECEA82A84831E004FE88C /* Home.storyboard in Resources */,
				CF592DCE2A83ED6C00C7130C /* NewYorkSmall-Bold.otf in Resources */,
				CFAF50E32A814068001FAD24 /* Assets.xcassets in Resources */,
				CF8ECEB42A849138004FE88C /* LatestNewsCell.xib in Resources */,
				CF8ECEBE2A84981A004FE88C /* NewsTVCell.xib in Resources */,
				CF592DD22A83ED7800C7130C /* Nunito-Regular.ttf in Resources */,
				CF592DCC2A83ED6700C7130C /* Nunito-Bold.ttf in Resources */,
				CF8ECEAA2A848660004FE88C /* Favorite.storyboard in Resources */,
				CFAF50DE2A814067001FAD24 /* BottomTabBar.storyboard in Resources */,
				CF4A47A02A84C15B00FC7004 /* Nunito-ExtraBold.ttf in Resources */,
			);
			runOnlyForDeploymentPostprocessing = 0;
		};
/* End PBXResourcesBuildPhase section */

/* Begin PBXShellScriptBuildPhase section */
		B89D311FA74FBC64666E3C37 /* [CP] Embed Pods Frameworks */ = {
			isa = PBXShellScriptBuildPhase;
			buildActionMask = 2147483647;
			files = (
			);
			inputFileListPaths = (
				"${PODS_ROOT}/Target Support Files/Pods-NewsApp/Pods-NewsApp-frameworks-${CONFIGURATION}-input-files.xcfilelist",
			);
			name = "[CP] Embed Pods Frameworks";
			outputFileListPaths = (
				"${PODS_ROOT}/Target Support Files/Pods-NewsApp/Pods-NewsApp-frameworks-${CONFIGURATION}-output-files.xcfilelist",
			);
			runOnlyForDeploymentPostprocessing = 0;
			shellPath = /bin/sh;
			shellScript = "\"${PODS_ROOT}/Target Support Files/Pods-NewsApp/Pods-NewsApp-frameworks.sh\"\n";
			showEnvVarsInLog = 0;
		};
		EAE48D0D078971B278C7ED1C /* [CP] Check Pods Manifest.lock */ = {
			isa = PBXShellScriptBuildPhase;
			buildActionMask = 2147483647;
			files = (
			);
			inputFileListPaths = (
			);
			inputPaths = (
				"${PODS_PODFILE_DIR_PATH}/Podfile.lock",
				"${PODS_ROOT}/Manifest.lock",
			);
			name = "[CP] Check Pods Manifest.lock";
			outputFileListPaths = (
			);
			outputPaths = (
				"$(DERIVED_FILE_DIR)/Pods-NewsApp-checkManifestLockResult.txt",
			);
			runOnlyForDeploymentPostprocessing = 0;
			shellPath = /bin/sh;
			shellScript = "diff \"${PODS_PODFILE_DIR_PATH}/Podfile.lock\" \"${PODS_ROOT}/Manifest.lock\" > /dev/null\nif [ $? != 0 ] ; then\n    # print error to STDERR\n    echo \"error: The sandbox is not in sync with the Podfile.lock. Run 'pod install' or update your CocoaPods installation.\" >&2\n    exit 1\nfi\n# This output is used by Xcode 'outputs' to avoid re-running this script phase.\necho \"SUCCESS\" > \"${SCRIPT_OUTPUT_FILE_0}\"\n";
			showEnvVarsInLog = 0;
		};
/* End PBXShellScriptBuildPhase section */

/* Begin PBXSourcesBuildPhase section */
		CFAF50CF2A814067001FAD24 /* Sources */ = {
			isa = PBXSourcesBuildPhase;
			buildActionMask = 2147483647;
			files = (
				CF4A47C02A856E6D00FC7004 /* String++.swift in Sources */,
				CF592DA42A83A2B100C7130C /* CustomTBC.swift in Sources */,
				CF4A47932A84AC4400FC7004 /* LoginVC.swift in Sources */,
				CF592DDD2A840FD500C7130C /* SignUpVC.swift in Sources */,
				CFAF50F52A814B8F001FAD24 /* AppConfig.swift in Sources */,
				CF4A47B02A852E9F00FC7004 /* NewsEverythingResponse.swift in Sources */,
				CF4A47AA2A84CB3400FC7004 /* HomeViewModel.swift in Sources */,
				CF4A479D2A84BE8F00FC7004 /* SignUpViewModel.swift in Sources */,
				CF592DE02A84118600C7130C /* CardView.swift in Sources */,
				CF4A47C82A857C6600FC7004 /* ProfileVC.swift in Sources */,
				CF4A47992A84B84100FC7004 /* UIButton++.swift in Sources */,
				CFE0A5912A860C6F009B0313 /* SeeAllNewsVC.swift in Sources */,
				CF592DD52A83FDAA00C7130C /* Preview++.swift in Sources */,
				CF4A47AD2A8528B900FC7004 /* AFWrapper.swift in Sources */,
				CFE0A5992A863D49009B0313 /*  ASP+Navigations+Rooting.swift in Sources */,
				CFE0A5972A861A9F009B0313 /* ASP+Navigations+Present.swift in Sources */,
				CF4A47A22A84C2A100FC7004 /* UINavigationController++.swift in Sources */,
				CF47087A2A81626B00C89C00 /* BaseVC.swift in Sources */,
				CF4A47B72A85340300FC7004 /* Reachability.swift in Sources */,
				CF4A47CC2A85907C00FC7004 /* NewsDetailVC.swift in Sources */,
				CF4A47952A84AD3500FC7004 /* LoginViewModel.swift in Sources */,
				CFAF50D72A814067001FAD24 /* AppDelegate.swift in Sources */,
				CF4A47BC2A854F2F00FC7004 /* CategoryCell.swift in Sources */,
				CFE0A58A2A85E63F009B0313 /* FilterBottomSheetVC.swift in Sources */,
				CF592DDB2A840F0C00C7130C /* ViewController++.swift in Sources */,
				CF4A47A42A84C62C00FC7004 /* UIView++.swift in Sources */,
				CF8ECEB32A849138004FE88C /* LatestNewsCell.swift in Sources */,
				CF4A47C42A8573C400FC7004 /* PersistenceController.swift in Sources */,
				CF4A47C62A85797300FC7004 /* ApplicationServiceProvider.swift in Sources */,
				CF4A479B2A84BE0E00FC7004 /* BaseVM.swift in Sources */,
				CF4A47B52A8533CE00FC7004 /* Handlers.swift in Sources */,
				CF4A47972A84B57600FC7004 /* Validators++.swift in Sources */,
				CF8ECEAC2A848898004FE88C /* HomeVC.swift in Sources */,
				CFE0A58F2A85FE84009B0313 /* NewsDetailViewModel.swift in Sources */,
				CF4A47B32A852F5C00FC7004 /* dummy.swift in Sources */,
				CF4A47A62A84C6CD00FC7004 /* UIColor++.swift in Sources */,
				CFE0A5942A860EB9009B0313 /* SeeAllNewsViewModel.swift in Sources */,
				CF8ECEBD2A84981A004FE88C /* NewsTVCell.swift in Sources */,
				CF4A47B92A85481000FC7004 /* LoadingIndicatorDelegate.swift in Sources */,
				CFE0A58D2A85E6B7009B0313 /* FilterBottomSheetViewModel.swift in Sources */,
				CFAF50E12A814067001FAD24 /* NewsApp.xcdatamodeld in Sources */,
			);
			runOnlyForDeploymentPostprocessing = 0;
		};
/* End PBXSourcesBuildPhase section */

/* Begin PBXVariantGroup section */
		CFAF50DC2A814067001FAD24 /* BottomTabBar.storyboard */ = {
			isa = PBXVariantGroup;
			children = (
				CFAF50DD2A814067001FAD24 /* Base */,
			);
			name = BottomTabBar.storyboard;
			sourceTree = "<group>";
		};
		CFAF50E42A814068001FAD24 /* LaunchScreen.storyboard */ = {
			isa = PBXVariantGroup;
			children = (
				CFAF50E52A814068001FAD24 /* Base */,
			);
			name = LaunchScreen.storyboard;
			sourceTree = "<group>";
		};
/* End PBXVariantGroup section */

/* Begin XCBuildConfiguration section */
		CFAF50E82A814068001FAD24 /* Debug-dev */ = {
			isa = XCBuildConfiguration;
			baseConfigurationReference = CFAF50EE2A814211001FAD24 /* Development.xcconfig */;
			buildSettings = {
				ALWAYS_SEARCH_USER_PATHS = NO;
				CLANG_ANALYZER_NONNULL = YES;
				CLANG_ANALYZER_NUMBER_OBJECT_CONVERSION = YES_AGGRESSIVE;
				CLANG_CXX_LANGUAGE_STANDARD = "gnu++20";
				CLANG_ENABLE_MODULES = YES;
				CLANG_ENABLE_OBJC_ARC = YES;
				CLANG_ENABLE_OBJC_WEAK = YES;
				CLANG_WARN_BLOCK_CAPTURE_AUTORELEASING = YES;
				CLANG_WARN_BOOL_CONVERSION = YES;
				CLANG_WARN_COMMA = YES;
				CLANG_WARN_CONSTANT_CONVERSION = YES;
				CLANG_WARN_DEPRECATED_OBJC_IMPLEMENTATIONS = YES;
				CLANG_WARN_DIRECT_OBJC_ISA_USAGE = YES_ERROR;
				CLANG_WARN_DOCUMENTATION_COMMENTS = YES;
				CLANG_WARN_EMPTY_BODY = YES;
				CLANG_WARN_ENUM_CONVERSION = YES;
				CLANG_WARN_INFINITE_RECURSION = YES;
				CLANG_WARN_INT_CONVERSION = YES;
				CLANG_WARN_NON_LITERAL_NULL_CONVERSION = YES;
				CLANG_WARN_OBJC_IMPLICIT_RETAIN_SELF = YES;
				CLANG_WARN_OBJC_LITERAL_CONVERSION = YES;
				CLANG_WARN_OBJC_ROOT_CLASS = YES_ERROR;
				CLANG_WARN_QUOTED_INCLUDE_IN_FRAMEWORK_HEADER = YES;
				CLANG_WARN_RANGE_LOOP_ANALYSIS = YES;
				CLANG_WARN_STRICT_PROTOTYPES = YES;
				CLANG_WARN_SUSPICIOUS_MOVE = YES;
				CLANG_WARN_UNGUARDED_AVAILABILITY = YES_AGGRESSIVE;
				CLANG_WARN_UNREACHABLE_CODE = YES;
				CLANG_WARN__DUPLICATE_METHOD_MATCH = YES;
				COPY_PHASE_STRIP = NO;
				DEBUG_INFORMATION_FORMAT = dwarf;
				ENABLE_STRICT_OBJC_MSGSEND = YES;
				ENABLE_TESTABILITY = YES;
				GCC_C_LANGUAGE_STANDARD = gnu11;
				GCC_DYNAMIC_NO_PIC = NO;
				GCC_NO_COMMON_BLOCKS = YES;
				GCC_OPTIMIZATION_LEVEL = 0;
				GCC_PREPROCESSOR_DEFINITIONS = (
					"DEBUG=1",
					"$(inherited)",
				);
				GCC_WARN_64_TO_32_BIT_CONVERSION = YES;
				GCC_WARN_ABOUT_RETURN_TYPE = YES_ERROR;
				GCC_WARN_UNDECLARED_SELECTOR = YES;
				GCC_WARN_UNINITIALIZED_AUTOS = YES_AGGRESSIVE;
				GCC_WARN_UNUSED_FUNCTION = YES;
				GCC_WARN_UNUSED_VARIABLE = YES;
				IPHONEOS_DEPLOYMENT_TARGET = 16.4;
				MTL_ENABLE_DEBUG_INFO = INCLUDE_SOURCE;
				MTL_FAST_MATH = YES;
				ONLY_ACTIVE_ARCH = YES;
				SDKROOT = iphoneos;
				SWIFT_ACTIVE_COMPILATION_CONDITIONS = DEBUG;
				SWIFT_OPTIMIZATION_LEVEL = "-Onone";
			};
			name = "Debug-dev";
		};
		CFAF50E92A814068001FAD24 /* Release-dev */ = {
			isa = XCBuildConfiguration;
			baseConfigurationReference = CFAF50EE2A814211001FAD24 /* Development.xcconfig */;
			buildSettings = {
				ALWAYS_SEARCH_USER_PATHS = NO;
				CLANG_ANALYZER_NONNULL = YES;
				CLANG_ANALYZER_NUMBER_OBJECT_CONVERSION = YES_AGGRESSIVE;
				CLANG_CXX_LANGUAGE_STANDARD = "gnu++20";
				CLANG_ENABLE_MODULES = YES;
				CLANG_ENABLE_OBJC_ARC = YES;
				CLANG_ENABLE_OBJC_WEAK = YES;
				CLANG_WARN_BLOCK_CAPTURE_AUTORELEASING = YES;
				CLANG_WARN_BOOL_CONVERSION = YES;
				CLANG_WARN_COMMA = YES;
				CLANG_WARN_CONSTANT_CONVERSION = YES;
				CLANG_WARN_DEPRECATED_OBJC_IMPLEMENTATIONS = YES;
				CLANG_WARN_DIRECT_OBJC_ISA_USAGE = YES_ERROR;
				CLANG_WARN_DOCUMENTATION_COMMENTS = YES;
				CLANG_WARN_EMPTY_BODY = YES;
				CLANG_WARN_ENUM_CONVERSION = YES;
				CLANG_WARN_INFINITE_RECURSION = YES;
				CLANG_WARN_INT_CONVERSION = YES;
				CLANG_WARN_NON_LITERAL_NULL_CONVERSION = YES;
				CLANG_WARN_OBJC_IMPLICIT_RETAIN_SELF = YES;
				CLANG_WARN_OBJC_LITERAL_CONVERSION = YES;
				CLANG_WARN_OBJC_ROOT_CLASS = YES_ERROR;
				CLANG_WARN_QUOTED_INCLUDE_IN_FRAMEWORK_HEADER = YES;
				CLANG_WARN_RANGE_LOOP_ANALYSIS = YES;
				CLANG_WARN_STRICT_PROTOTYPES = YES;
				CLANG_WARN_SUSPICIOUS_MOVE = YES;
				CLANG_WARN_UNGUARDED_AVAILABILITY = YES_AGGRESSIVE;
				CLANG_WARN_UNREACHABLE_CODE = YES;
				CLANG_WARN__DUPLICATE_METHOD_MATCH = YES;
				COPY_PHASE_STRIP = NO;
				DEBUG_INFORMATION_FORMAT = "dwarf-with-dsym";
				ENABLE_NS_ASSERTIONS = NO;
				ENABLE_STRICT_OBJC_MSGSEND = YES;
				GCC_C_LANGUAGE_STANDARD = gnu11;
				GCC_NO_COMMON_BLOCKS = YES;
				GCC_WARN_64_TO_32_BIT_CONVERSION = YES;
				GCC_WARN_ABOUT_RETURN_TYPE = YES_ERROR;
				GCC_WARN_UNDECLARED_SELECTOR = YES;
				GCC_WARN_UNINITIALIZED_AUTOS = YES_AGGRESSIVE;
				GCC_WARN_UNUSED_FUNCTION = YES;
				GCC_WARN_UNUSED_VARIABLE = YES;
				IPHONEOS_DEPLOYMENT_TARGET = 16.4;
				MTL_ENABLE_DEBUG_INFO = NO;
				MTL_FAST_MATH = YES;
				SDKROOT = iphoneos;
				SWIFT_COMPILATION_MODE = wholemodule;
				SWIFT_OPTIMIZATION_LEVEL = "-O";
				VALIDATE_PRODUCT = YES;
			};
			name = "Release-dev";
		};
		CFAF50EB2A814068001FAD24 /* Debug-dev */ = {
			isa = XCBuildConfiguration;
			baseConfigurationReference = 69952435845DCB6DB217C146 /* Pods-NewsApp.debug-dev.xcconfig */;
			buildSettings = {
				ASSETCATALOG_COMPILER_APPICON_NAME = "$(APP_ICON)";
				ASSETCATALOG_COMPILER_GLOBAL_ACCENT_COLOR_NAME = AccentColor;
				CODE_SIGN_STYLE = Automatic;
				CURRENT_PROJECT_VERSION = 1;
				GENERATE_INFOPLIST_FILE = YES;
				INFOPLIST_FILE = NewsApp/Info.plist;
				INFOPLIST_KEY_UIApplicationSupportsIndirectInputEvents = YES;
				INFOPLIST_KEY_UILaunchStoryboardName = LaunchScreen;
				INFOPLIST_KEY_UIMainStoryboardFile = BottomTabBar;
				INFOPLIST_KEY_UISupportedInterfaceOrientations_iPad = "UIInterfaceOrientationPortrait UIInterfaceOrientationPortraitUpsideDown UIInterfaceOrientationLandscapeLeft UIInterfaceOrientationLandscapeRight";
				INFOPLIST_KEY_UISupportedInterfaceOrientations_iPhone = "UIInterfaceOrientationPortrait UIInterfaceOrientationLandscapeLeft UIInterfaceOrientationLandscapeRight";
				LD_RUNPATH_SEARCH_PATHS = (
					"$(inherited)",
					"@executable_path/Frameworks",
				);
				MARKETING_VERSION = 1.0;
				PRODUCT_BUNDLE_IDENTIFIER = "$(BUNDLE_ID)";
				PRODUCT_NAME = "$(APP_NAME)";
				SWIFT_EMIT_LOC_STRINGS = YES;
				SWIFT_VERSION = 5.0;
				TARGETED_DEVICE_FAMILY = "1,2";
			};
			name = "Debug-dev";
		};
		CFAF50EC2A814068001FAD24 /* Release-dev */ = {
			isa = XCBuildConfiguration;
			baseConfigurationReference = 32CC8301A2B97F31CE303199 /* Pods-NewsApp.release-dev.xcconfig */;
			buildSettings = {
				ASSETCATALOG_COMPILER_APPICON_NAME = "$(APP_ICON)";
				ASSETCATALOG_COMPILER_GLOBAL_ACCENT_COLOR_NAME = AccentColor;
				CODE_SIGN_STYLE = Automatic;
				CURRENT_PROJECT_VERSION = 1;
				GENERATE_INFOPLIST_FILE = YES;
				INFOPLIST_FILE = NewsApp/Info.plist;
				INFOPLIST_KEY_UIApplicationSupportsIndirectInputEvents = YES;
				INFOPLIST_KEY_UILaunchStoryboardName = LaunchScreen;
				INFOPLIST_KEY_UIMainStoryboardFile = BottomTabBar;
				INFOPLIST_KEY_UISupportedInterfaceOrientations_iPad = "UIInterfaceOrientationPortrait UIInterfaceOrientationPortraitUpsideDown UIInterfaceOrientationLandscapeLeft UIInterfaceOrientationLandscapeRight";
				INFOPLIST_KEY_UISupportedInterfaceOrientations_iPhone = "UIInterfaceOrientationPortrait UIInterfaceOrientationLandscapeLeft UIInterfaceOrientationLandscapeRight";
				LD_RUNPATH_SEARCH_PATHS = (
					"$(inherited)",
					"@executable_path/Frameworks",
				);
				MARKETING_VERSION = 1.0;
				PRODUCT_BUNDLE_IDENTIFIER = "$(BUNDLE_ID)";
				PRODUCT_NAME = "$(APP_NAME)";
				SWIFT_EMIT_LOC_STRINGS = YES;
				SWIFT_VERSION = 5.0;
				TARGETED_DEVICE_FAMILY = "1,2";
			};
			name = "Release-dev";
		};
		CFAF50F02A814340001FAD24 /* Debug-prod */ = {
			isa = XCBuildConfiguration;
			baseConfigurationReference = CFAF50EF2A814228001FAD24 /* Production.xcconfig */;
			buildSettings = {
				ALWAYS_SEARCH_USER_PATHS = NO;
				CLANG_ANALYZER_NONNULL = YES;
				CLANG_ANALYZER_NUMBER_OBJECT_CONVERSION = YES_AGGRESSIVE;
				CLANG_CXX_LANGUAGE_STANDARD = "gnu++20";
				CLANG_ENABLE_MODULES = YES;
				CLANG_ENABLE_OBJC_ARC = YES;
				CLANG_ENABLE_OBJC_WEAK = YES;
				CLANG_WARN_BLOCK_CAPTURE_AUTORELEASING = YES;
				CLANG_WARN_BOOL_CONVERSION = YES;
				CLANG_WARN_COMMA = YES;
				CLANG_WARN_CONSTANT_CONVERSION = YES;
				CLANG_WARN_DEPRECATED_OBJC_IMPLEMENTATIONS = YES;
				CLANG_WARN_DIRECT_OBJC_ISA_USAGE = YES_ERROR;
				CLANG_WARN_DOCUMENTATION_COMMENTS = YES;
				CLANG_WARN_EMPTY_BODY = YES;
				CLANG_WARN_ENUM_CONVERSION = YES;
				CLANG_WARN_INFINITE_RECURSION = YES;
				CLANG_WARN_INT_CONVERSION = YES;
				CLANG_WARN_NON_LITERAL_NULL_CONVERSION = YES;
				CLANG_WARN_OBJC_IMPLICIT_RETAIN_SELF = YES;
				CLANG_WARN_OBJC_LITERAL_CONVERSION = YES;
				CLANG_WARN_OBJC_ROOT_CLASS = YES_ERROR;
				CLANG_WARN_QUOTED_INCLUDE_IN_FRAMEWORK_HEADER = YES;
				CLANG_WARN_RANGE_LOOP_ANALYSIS = YES;
				CLANG_WARN_STRICT_PROTOTYPES = YES;
				CLANG_WARN_SUSPICIOUS_MOVE = YES;
				CLANG_WARN_UNGUARDED_AVAILABILITY = YES_AGGRESSIVE;
				CLANG_WARN_UNREACHABLE_CODE = YES;
				CLANG_WARN__DUPLICATE_METHOD_MATCH = YES;
				COPY_PHASE_STRIP = NO;
				DEBUG_INFORMATION_FORMAT = dwarf;
				ENABLE_STRICT_OBJC_MSGSEND = YES;
				ENABLE_TESTABILITY = YES;
				GCC_C_LANGUAGE_STANDARD = gnu11;
				GCC_DYNAMIC_NO_PIC = NO;
				GCC_NO_COMMON_BLOCKS = YES;
				GCC_OPTIMIZATION_LEVEL = 0;
				GCC_PREPROCESSOR_DEFINITIONS = (
					"DEBUG=1",
					"$(inherited)",
				);
				GCC_WARN_64_TO_32_BIT_CONVERSION = YES;
				GCC_WARN_ABOUT_RETURN_TYPE = YES_ERROR;
				GCC_WARN_UNDECLARED_SELECTOR = YES;
				GCC_WARN_UNINITIALIZED_AUTOS = YES_AGGRESSIVE;
				GCC_WARN_UNUSED_FUNCTION = YES;
				GCC_WARN_UNUSED_VARIABLE = YES;
				IPHONEOS_DEPLOYMENT_TARGET = 16.4;
				MTL_ENABLE_DEBUG_INFO = INCLUDE_SOURCE;
				MTL_FAST_MATH = YES;
				ONLY_ACTIVE_ARCH = YES;
				SDKROOT = iphoneos;
				SWIFT_ACTIVE_COMPILATION_CONDITIONS = DEBUG;
				SWIFT_OPTIMIZATION_LEVEL = "-Onone";
			};
			name = "Debug-prod";
		};
		CFAF50F12A814340001FAD24 /* Debug-prod */ = {
			isa = XCBuildConfiguration;
			baseConfigurationReference = 6A66A32145E716EAB434D649 /* Pods-NewsApp.debug-prod.xcconfig */;
			buildSettings = {
				ASSETCATALOG_COMPILER_APPICON_NAME = "$(APP_ICON)";
				ASSETCATALOG_COMPILER_GLOBAL_ACCENT_COLOR_NAME = AccentColor;
				CODE_SIGN_STYLE = Automatic;
				CURRENT_PROJECT_VERSION = 1;
				GENERATE_INFOPLIST_FILE = YES;
				INFOPLIST_FILE = NewsApp/Info.plist;
				INFOPLIST_KEY_UIApplicationSupportsIndirectInputEvents = YES;
				INFOPLIST_KEY_UILaunchStoryboardName = LaunchScreen;
				INFOPLIST_KEY_UIMainStoryboardFile = BottomTabBar;
				INFOPLIST_KEY_UISupportedInterfaceOrientations_iPad = "UIInterfaceOrientationPortrait UIInterfaceOrientationPortraitUpsideDown UIInterfaceOrientationLandscapeLeft UIInterfaceOrientationLandscapeRight";
				INFOPLIST_KEY_UISupportedInterfaceOrientations_iPhone = "UIInterfaceOrientationPortrait UIInterfaceOrientationLandscapeLeft UIInterfaceOrientationLandscapeRight";
				LD_RUNPATH_SEARCH_PATHS = (
					"$(inherited)",
					"@executable_path/Frameworks",
				);
				MARKETING_VERSION = 1.0;
				PRODUCT_BUNDLE_IDENTIFIER = "$(BUNDLE_ID)";
				PRODUCT_NAME = "$(APP_NAME)";
				SWIFT_EMIT_LOC_STRINGS = YES;
				SWIFT_VERSION = 5.0;
				TARGETED_DEVICE_FAMILY = "1,2";
			};
			name = "Debug-prod";
		};
		CFAF50F22A81434E001FAD24 /* Release-prod */ = {
			isa = XCBuildConfiguration;
			baseConfigurationReference = CFAF50EF2A814228001FAD24 /* Production.xcconfig */;
			buildSettings = {
				ALWAYS_SEARCH_USER_PATHS = NO;
				CLANG_ANALYZER_NONNULL = YES;
				CLANG_ANALYZER_NUMBER_OBJECT_CONVERSION = YES_AGGRESSIVE;
				CLANG_CXX_LANGUAGE_STANDARD = "gnu++20";
				CLANG_ENABLE_MODULES = YES;
				CLANG_ENABLE_OBJC_ARC = YES;
				CLANG_ENABLE_OBJC_WEAK = YES;
				CLANG_WARN_BLOCK_CAPTURE_AUTORELEASING = YES;
				CLANG_WARN_BOOL_CONVERSION = YES;
				CLANG_WARN_COMMA = YES;
				CLANG_WARN_CONSTANT_CONVERSION = YES;
				CLANG_WARN_DEPRECATED_OBJC_IMPLEMENTATIONS = YES;
				CLANG_WARN_DIRECT_OBJC_ISA_USAGE = YES_ERROR;
				CLANG_WARN_DOCUMENTATION_COMMENTS = YES;
				CLANG_WARN_EMPTY_BODY = YES;
				CLANG_WARN_ENUM_CONVERSION = YES;
				CLANG_WARN_INFINITE_RECURSION = YES;
				CLANG_WARN_INT_CONVERSION = YES;
				CLANG_WARN_NON_LITERAL_NULL_CONVERSION = YES;
				CLANG_WARN_OBJC_IMPLICIT_RETAIN_SELF = YES;
				CLANG_WARN_OBJC_LITERAL_CONVERSION = YES;
				CLANG_WARN_OBJC_ROOT_CLASS = YES_ERROR;
				CLANG_WARN_QUOTED_INCLUDE_IN_FRAMEWORK_HEADER = YES;
				CLANG_WARN_RANGE_LOOP_ANALYSIS = YES;
				CLANG_WARN_STRICT_PROTOTYPES = YES;
				CLANG_WARN_SUSPICIOUS_MOVE = YES;
				CLANG_WARN_UNGUARDED_AVAILABILITY = YES_AGGRESSIVE;
				CLANG_WARN_UNREACHABLE_CODE = YES;
				CLANG_WARN__DUPLICATE_METHOD_MATCH = YES;
				COPY_PHASE_STRIP = NO;
				DEBUG_INFORMATION_FORMAT = "dwarf-with-dsym";
				ENABLE_NS_ASSERTIONS = NO;
				ENABLE_STRICT_OBJC_MSGSEND = YES;
				GCC_C_LANGUAGE_STANDARD = gnu11;
				GCC_NO_COMMON_BLOCKS = YES;
				GCC_WARN_64_TO_32_BIT_CONVERSION = YES;
				GCC_WARN_ABOUT_RETURN_TYPE = YES_ERROR;
				GCC_WARN_UNDECLARED_SELECTOR = YES;
				GCC_WARN_UNINITIALIZED_AUTOS = YES_AGGRESSIVE;
				GCC_WARN_UNUSED_FUNCTION = YES;
				GCC_WARN_UNUSED_VARIABLE = YES;
				IPHONEOS_DEPLOYMENT_TARGET = 16.4;
				MTL_ENABLE_DEBUG_INFO = NO;
				MTL_FAST_MATH = YES;
				SDKROOT = iphoneos;
				SWIFT_COMPILATION_MODE = wholemodule;
				SWIFT_OPTIMIZATION_LEVEL = "-O";
				VALIDATE_PRODUCT = YES;
			};
			name = "Release-prod";
		};
		CFAF50F32A81434E001FAD24 /* Release-prod */ = {
			isa = XCBuildConfiguration;
			baseConfigurationReference = F14383CBED8AE1F0E881E0B8 /* Pods-NewsApp.release-prod.xcconfig */;
			buildSettings = {
				ASSETCATALOG_COMPILER_APPICON_NAME = "$(APP_ICON)";
				ASSETCATALOG_COMPILER_GLOBAL_ACCENT_COLOR_NAME = AccentColor;
				CODE_SIGN_STYLE = Automatic;
				CURRENT_PROJECT_VERSION = 1;
				GENERATE_INFOPLIST_FILE = YES;
				INFOPLIST_FILE = NewsApp/Info.plist;
				INFOPLIST_KEY_UIApplicationSupportsIndirectInputEvents = YES;
				INFOPLIST_KEY_UILaunchStoryboardName = LaunchScreen;
				INFOPLIST_KEY_UIMainStoryboardFile = BottomTabBar;
				INFOPLIST_KEY_UISupportedInterfaceOrientations_iPad = "UIInterfaceOrientationPortrait UIInterfaceOrientationPortraitUpsideDown UIInterfaceOrientationLandscapeLeft UIInterfaceOrientationLandscapeRight";
				INFOPLIST_KEY_UISupportedInterfaceOrientations_iPhone = "UIInterfaceOrientationPortrait UIInterfaceOrientationLandscapeLeft UIInterfaceOrientationLandscapeRight";
				LD_RUNPATH_SEARCH_PATHS = (
					"$(inherited)",
					"@executable_path/Frameworks",
				);
				MARKETING_VERSION = 1.0;
				PRODUCT_BUNDLE_IDENTIFIER = "$(BUNDLE_ID)";
				PRODUCT_NAME = "$(APP_NAME)";
				SWIFT_EMIT_LOC_STRINGS = YES;
				SWIFT_VERSION = 5.0;
				TARGETED_DEVICE_FAMILY = "1,2";
			};
			name = "Release-prod";
		};
/* End XCBuildConfiguration section */

/* Begin XCConfigurationList section */
		CFAF50CE2A814067001FAD24 /* Build configuration list for PBXProject "NewsApp" */ = {
			isa = XCConfigurationList;
			buildConfigurations = (
				CFAF50E82A814068001FAD24 /* Debug-dev */,
				CFAF50F02A814340001FAD24 /* Debug-prod */,
				CFAF50E92A814068001FAD24 /* Release-dev */,
				CFAF50F22A81434E001FAD24 /* Release-prod */,
			);
			defaultConfigurationIsVisible = 0;
			defaultConfigurationName = "Release-dev";
		};
		CFAF50EA2A814068001FAD24 /* Build configuration list for PBXNativeTarget "NewsApp" */ = {
			isa = XCConfigurationList;
			buildConfigurations = (
				CFAF50EB2A814068001FAD24 /* Debug-dev */,
				CFAF50F12A814340001FAD24 /* Debug-prod */,
				CFAF50EC2A814068001FAD24 /* Release-dev */,
				CFAF50F32A81434E001FAD24 /* Release-prod */,
			);
			defaultConfigurationIsVisible = 0;
			defaultConfigurationName = "Release-dev";
		};
/* End XCConfigurationList section */

/* Begin XCVersionGroup section */
		CFAF50DF2A814067001FAD24 /* NewsApp.xcdatamodeld */ = {
			isa = XCVersionGroup;
			children = (
				CFAF50E02A814067001FAD24 /* NewsApp.xcdatamodel */,
			);
			currentVersion = CFAF50E02A814067001FAD24 /* NewsApp.xcdatamodel */;
			path = NewsApp.xcdatamodeld;
			sourceTree = "<group>";
			versionGroupType = wrapper.xcdatamodel;
		};
/* End XCVersionGroup section */
	};
	rootObject = CFAF50CB2A814067001FAD24 /* Project object */;
}
